
Microsoft Visual Studio Solution File, Format Version 12.00
# Visual Studio 15
VisualStudioVersion = 15.0.27428.2015
MinimumVisualStudioVersion = 10.0.40219.1
Project("{FAE04EC0-301F-11D3-BF4B-00C04F79EFBC}") = "PgJsonParse", "PgJsonParse\PgJsonParse.csproj", "{29094E98-4503-49A7-BD14-56A40866333F}"
EndProject
Project("{FAE04EC0-301F-11D3-BF4B-00C04F79EFBC}") = "PgJsonObjects", "PgJsonObjects\PgJsonObjects.csproj", "{2D9E943B-7D22-469B-8DBE-500D23877B55}"
EndProject
Project("{FAE04EC0-301F-11D3-BF4B-00C04F79EFBC}") = "PgJsonReader", "PgJsonReader\PgJsonReader.csproj", "{001249F7-BF13-4C71-8592-BA1F32D53A69}"
EndProject
Global
	GlobalSection(SolutionConfigurationPlatforms) = preSolution
		Debug|Any CPU = Debug|Any CPU
		Debug|x64 = Debug|x64
		Release|Any CPU = Release|Any CPU
		Release|x64 = Release|x64
	EndGlobalSection
	GlobalSection(ProjectConfigurationPlatforms) = postSolution
		{29094E98-4503-49A7-BD14-56A40866333F}.Debug|Any CPU.ActiveCfg = Debug|x64
		{29094E98-4503-49A7-BD14-56A40866333F}.Debug|x64.ActiveCfg = Debug|x64
		{29094E98-4503-49A7-BD14-56A40866333F}.Debug|x64.Build.0 = Debug|x64
		{29094E98-4503-49A7-BD14-56A40866333F}.Release|Any CPU.ActiveCfg = Release|x64
		{29094E98-4503-49A7-BD14-56A40866333F}.Release|x64.ActiveCfg = Release|x64
		{29094E98-4503-49A7-BD14-56A40866333F}.Release|x64.Build.0 = Release|x64
		{2D9E943B-7D22-469B-8DBE-500D23877B55}.Debug|Any CPU.ActiveCfg = Debug|x64
		{2D9E943B-7D22-469B-8DBE-500D23877B55}.Debug|x64.ActiveCfg = Debug|x64
		{2D9E943B-7D22-469B-8DBE-500D23877B55}.Debug|x64.Build.0 = Debug|x64
		{2D9E943B-7D22-469B-8DBE-500D23877B55}.Release|Any CPU.ActiveCfg = Release|x64
		{2D9E943B-7D22-469B-8DBE-500D23877B55}.Release|x64.ActiveCfg = Release|x64
		{2D9E943B-7D22-469B-8DBE-500D23877B55}.Release|x64.Build.0 = Release|x64
		{001249F7-BF13-4C71-8592-BA1F32D53A69}.Debug|Any CPU.ActiveCfg = Debug|Any CPU
		{001249F7-BF13-4C71-8592-BA1F32D53A69}.Debug|Any CPU.Build.0 = Debug|Any CPU
		{001249F7-BF13-4C71-8592-BA1F32D53A69}.Debug|x64.ActiveCfg = Debug|Any CPU
		{001249F7-BF13-4C71-8592-BA1F32D53A69}.Debug|x64.Build.0 = Debug|Any CPU
		{001249F7-BF13-4C71-8592-BA1F32D53A69}.Release|Any CPU.ActiveCfg = Release|Any CPU
		{001249F7-BF13-4C71-8592-BA1F32D53A69}.Release|Any CPU.Build.0 = Release|Any CPU
		{001249F7-BF13-4C71-8592-BA1F32D53A69}.Release|x64.ActiveCfg = Release|Any CPU
		{001249F7-BF13-4C71-8592-BA1F32D53A69}.Release|x64.Build.0 = Release|Any CPU
	EndGlobalSection
	GlobalSection(SolutionProperties) = preSolution
		HideSolutionNode = FALSE
	EndGlobalSection
	GlobalSection(ExtensibilityGlobals) = postSolution
		SolutionGuid = {2A9BE821-9D4A-4EA5-8B85-8AC8CAEB5EC7}
	EndGlobalSection
EndGlobal
